
Microsoft Visual Studio Solution File, Format Version 12.00
# Visual Studio Version 17
VisualStudioVersion = 17.1.32228.430
MinimumVisualStudioVersion = 10.0.40219.1
Project("{8BC9CEB8-8B4A-11D0-8D11-00A0C91BC942}") = "BankingSystem", "BankingSystem\BankingSystem.vcxproj", "{2BCCD897-0827-4AB6-B5F9-46EA5DBD7CE8}"
EndProject
Global
	GlobalSection(SolutionConfigurationPlatforms) = preSolution
		Debug|x64 = Debug|x64
		Debug|x86 = Debug|x86
		Release|x64 = Release|x64
		Release|x86 = Release|x86
	EndGlobalSection
	GlobalSection(ProjectConfigurationPlatforms) = postSolution
		{2BCCD897-0827-4AB6-B5F9-46EA5DBD7CE8}.Debug|x64.ActiveCfg = Debug|x64
		{2BCCD897-0827-4AB6-B5F9-46EA5DBD7CE8}.Debug|x64.Build.0 = Debug|x64
		{2BCCD897-0827-4AB6-B5F9-46EA5DBD7CE8}.Debug|x86.ActiveCfg = Debug|Win32
		{2BCCD897-0827-4AB6-B5F9-46EA5DBD7CE8}.Debug|x86.Build.0 = Debug|Win32
		{2BCCD897-0827-4AB6-B5F9-46EA5DBD7CE8}.Release|x64.ActiveCfg = Release|x64
		{2BCCD897-0827-4AB6-B5F9-46EA5DBD7CE8}.Release|x64.Build.0 = Release|x64
		{2BCCD897-0827-4AB6-B5F9-46EA5DBD7CE8}.Release|x86.ActiveCfg = Release|Win32
		{2BCCD897-0827-4AB6-B5F9-46EA5DBD7CE8}.Release|x86.Build.0 = Release|Win32
	EndGlobalSection
	GlobalSection(SolutionProperties) = preSolution
		HideSolutionNode = FALSE
	EndGlobalSection
	GlobalSection(ExtensibilityGlobals) = postSolution
		SolutionGuid = {F642EEFD-0926-45B1-A72B-449D16643192}
	EndGlobalSection
EndGlobal
