
Microsoft Visual Studio Solution File, Format Version 12.00
# Visual Studio Version 17
VisualStudioVersion = 17.1.32228.430
MinimumVisualStudioVersion = 10.0.40219.1
Project("{8BC9CEB8-8B4A-11D0-8D11-00A0C91BC942}") = "BackupProgramC--", "BackupProgramC--\BackupProgramC--.vcxproj", "{1CFD37C5-14B5-4AE8-BD80-BACF638E0C70}"
EndProject
Global
	GlobalSection(SolutionConfigurationPlatforms) = preSolution
		Debug|x64 = Debug|x64
		Debug|x86 = Debug|x86
		Release|x64 = Release|x64
		Release|x86 = Release|x86
	EndGlobalSection
	GlobalSection(ProjectConfigurationPlatforms) = postSolution
		{1CFD37C5-14B5-4AE8-BD80-BACF638E0C70}.Debug|x64.ActiveCfg = Debug|x64
		{1CFD37C5-14B5-4AE8-BD80-BACF638E0C70}.Debug|x64.Build.0 = Debug|x64
		{1CFD37C5-14B5-4AE8-BD80-BACF638E0C70}.Debug|x86.ActiveCfg = Debug|Win32
		{1CFD37C5-14B5-4AE8-BD80-BACF638E0C70}.Debug|x86.Build.0 = Debug|Win32
		{1CFD37C5-14B5-4AE8-BD80-BACF638E0C70}.Release|x64.ActiveCfg = Release|x64
		{1CFD37C5-14B5-4AE8-BD80-BACF638E0C70}.Release|x64.Build.0 = Release|x64
		{1CFD37C5-14B5-4AE8-BD80-BACF638E0C70}.Release|x86.ActiveCfg = Release|Win32
		{1CFD37C5-14B5-4AE8-BD80-BACF638E0C70}.Release|x86.Build.0 = Release|Win32
	EndGlobalSection
	GlobalSection(SolutionProperties) = preSolution
		HideSolutionNode = FALSE
	EndGlobalSection
	GlobalSection(ExtensibilityGlobals) = postSolution
		SolutionGuid = {6FF40C9E-661B-45AE-B970-F36DE7D8C1A9}
	EndGlobalSection
EndGlobal
